# This file was autogenerated by uv via the following command:
#    uv pip compile kywa-next/backend/requirements.txt --python kywa-next/.venv/Scripts/python.exe --python-version 3.12 --python-platform x86_64-manylinux_2_28 -o kywa-next/backend/requirements.lock
annotated-doc==0.0.5
    # via fastapi
annotated-types==0.8.0
    # via pydantic
anyio==4.15.1
    # via
    #   google-genai
    #   httpx
    #   starlette
authlib==1.8.0
    # via -r kywa-next/backend/requirements.txt
certifi==2026.7.22
    # via
    #   httpcore
    #   httpx
    #   requests
cffi==2.1.1
    # via cryptography
charset-normalizer==3.5.1
    # via
    #   reportlab
    #   requests
click==8.5.0
    # via uvicorn
cryptography==50.0.1
    # via
    #   authlib
    #   google-auth
    #   joserfc
distro==1.9.0
    # via google-genai
et-xmlfile==2.0.0
    # via openpyxl
fastapi==0.141.1
    # via -r kywa-next/backend/requirements.txt
google-api-core==2.39.0
    # via google-api-python-client
google-api-python-client==2.200.0
    # via -r kywa-next/backend/requirements.txt
google-auth==2.59.0
    # via
    #   -r kywa-next/backend/requirements.txt
    #   google-api-core
    #   google-api-python-client
    #   google-auth-httplib2
    #   google-genai
google-auth-httplib2==0.4.2
    # via google-api-python-client
google-genai==1.75.0
    # via -r kywa-next/backend/requirements.txt
googleapis-common-protos==1.75.4
    # via google-api-core
h11==0.16.0
    # via
    #   httpcore
    #   uvicorn
httpcore==1.0.9
    # via httpx
httplib2==0.32.0
    # via
    #   google-api-python-client
    #   google-auth-httplib2
httpx==0.28.1
    # via
    #   -r kywa-next/backend/requirements.txt
    #   google-genai
idna==3.20
    # via
    #   anyio
    #   httpx
    #   requests
itsdangerous==2.2.0
    # via -r kywa-next/backend/requirements.txt
joserfc==1.7.5
    # via authlib
numpy==2.5.3
    # via opencv-python-headless
opencv-python-headless==4.14.0.94
    # via -r kywa-next/backend/requirements.txt
openpyxl==3.1.5
    # via -r kywa-next/backend/requirements.txt
opentelemetry-api==1.45.0
    # via google-api-core
pillow==12.3.0
    # via
    #   -r kywa-next/backend/requirements.txt
    #   reportlab
proto-plus==1.28.4
    # via google-api-core
protobuf==7.36.2
    # via
    #   google-api-core
    #   googleapis-common-protos
    #   proto-plus
pyasn1==0.6.4
    # via pyasn1-modules
pyasn1-modules==0.4.2
    # via google-auth
pycparser==3.0
    # via cffi
pydantic==2.13.5
    # via
    #   fastapi
    #   google-genai
    #   pydantic-settings
pydantic-core==2.46.5
    # via pydantic
pydantic-settings==2.15.0
    # via -r kywa-next/backend/requirements.txt
pyparsing==3.3.3
    # via httplib2
python-dotenv==1.2.3
    # via pydantic-settings
python-multipart==0.0.32
    # via -r kywa-next/backend/requirements.txt
reportlab==4.5.1
    # via -r kywa-next/backend/requirements.txt
requests==2.34.2
    # via
    #   google-api-core
    #   google-auth
    #   google-genai
sniffio==1.3.1
    # via google-genai
starlette==1.7.0
    # via fastapi
tenacity==9.1.4
    # via google-genai
typing-extensions==4.16.0
    # via
    #   anyio
    #   fastapi
    #   google-genai
    #   opentelemetry-api
    #   pydantic
    #   pydantic-core
    #   starlette
    #   typing-inspection
typing-inspection==0.4.4
    # via
    #   fastapi
    #   pydantic
    #   pydantic-settings
tzdata==2026.4
    # via -r kywa-next/backend/requirements.txt
uritemplate==4.2.0
    # via google-api-python-client
urllib3==2.8.0
    # via requests
uvicorn==0.54.0
    # via -r kywa-next/backend/requirements.txt
websockets==16.1.1
    # via google-genai
